{
    "_readme": [
        "This file locks the dependencies of your project to a known state",
        "Read more about it at https://getcomposer.org/doc/01-basic-usage.md#installing-dependencies",
        "This file is @generated automatically"
    ],
    "content-hash": "2ebc0ff8994ddc152ab85c0ea5af5483",
    "packages": [
        {
            "name": "utopia-php/framework",
            "version": "0.19.5",
            "source": {
                "type": "git",
                "url": "https://github.com/utopia-php/framework.git",
                "reference": "1c28ba9a5b491cf7c90c535fefee5832c7133623"
            },
            "dist": {
                "type": "zip",
                "url": "https://api.github.com/repos/utopia-php/framework/zipball/1c28ba9a5b491cf7c90c535fefee5832c7133623",
                "reference": "1c28ba9a5b491cf7c90c535fefee5832c7133623",
                "shasum": ""
            },
            "require": {
                "php": ">=8.0.0"
            },
            "require-dev": {
                "phpunit/phpunit": "^9.5.10",
                "vimeo/psalm": "4.13.1"
            },
            "type": "library",
            "autoload": {
                "psr-4": {
                    "Utopia\\": "src/"
                }
            },
            "notification-url": "https://packagist.org/downloads/",
            "license": [
                "MIT"
            ],
            "authors": [
                {
                    "name": "Eldad Fux",
                    "email": "eldad@appwrite.io"
                }
            ],
            "description": "A simple, light and advanced PHP framework",
            "keywords": [
                "framework",
                "php",
                "upf"
            ],
            "support": {
                "issues": "https://github.com/utopia-php/framework/issues",
                "source": "https://github.com/utopia-php/framework/tree/0.19.5"
            },
            "time": "2022-01-04T14:40:23+00:00"
        }
    ],
    "packages-dev": [],
    "aliases": [],
    "minimum-stability": "stable",
    "stability-flags": [],
    "prefer-stable": false,
    "prefer-lowest": false,
    "platform": [],
    "platform-dev": [],
    "plugin-api-version": "2.2.0"
}
